
Microsoft Visual Studio Solution File, Format Version 12.00
# Visual Studio Version 17
VisualStudioVersion = 17.13.35806.99 d17.13
MinimumVisualStudioVersion = 10.0.40219.1
Project("{FAE04EC0-301F-11D3-BF4B-00C04F79EFBC}") = "StudentEnrollment.Api", "StudentEnrollment.Api\StudentEnrollment.Api.csproj", "{C7C4A9AC-8B46-4DB0-87BA-17A48D725372}"
EndProject
Project("{FAE04EC0-301F-11D3-BF4B-00C04F79EFBC}") = "StudentEnrollment.Data", "..\StudentEnrollment.Data\StudentEnrollment.Data.csproj", "{093BC654-8C9B-4DCA-ADF3-6D34E85F7380}"
EndProject
Global
	GlobalSection(SolutionConfigurationPlatforms) = preSolution
		Debug|Any CPU = Debug|Any CPU
		Release|Any CPU = Release|Any CPU
	EndGlobalSection
	GlobalSection(ProjectConfigurationPlatforms) = postSolution
		{C7C4A9AC-8B46-4DB0-87BA-17A48D725372}.Debug|Any CPU.ActiveCfg = Debug|Any CPU
		{C7C4A9AC-8B46-4DB0-87BA-17A48D725372}.Debug|Any CPU.Build.0 = Debug|Any CPU
		{C7C4A9AC-8B46-4DB0-87BA-17A48D725372}.Release|Any CPU.ActiveCfg = Release|Any CPU
		{C7C4A9AC-8B46-4DB0-87BA-17A48D725372}.Release|Any CPU.Build.0 = Release|Any CPU
		{093BC654-8C9B-4DCA-ADF3-6D34E85F7380}.Debug|Any CPU.ActiveCfg = Debug|Any CPU
		{093BC654-8C9B-4DCA-ADF3-6D34E85F7380}.Debug|Any CPU.Build.0 = Debug|Any CPU
		{093BC654-8C9B-4DCA-ADF3-6D34E85F7380}.Release|Any CPU.ActiveCfg = Release|Any CPU
		{093BC654-8C9B-4DCA-ADF3-6D34E85F7380}.Release|Any CPU.Build.0 = Release|Any CPU
	EndGlobalSection
	GlobalSection(SolutionProperties) = preSolution
		HideSolutionNode = FALSE
	EndGlobalSection
	GlobalSection(ExtensibilityGlobals) = postSolution
		SolutionGuid = {F7EA9AC3-C892-43F0-828D-93125BFB1975}
	EndGlobalSection
EndGlobal
