
Microsoft Visual Studio Solution File, Format Version 12.00
# Visual Studio Version 17
VisualStudioVersion = 17.13.35806.99 d17.13
MinimumVisualStudioVersion = 10.0.40219.1
Project("{FAE04EC0-301F-11D3-BF4B-00C04F79EFBC}") = "StudentEnrollment.Api", "StudentEnrollment.Api\StudentEnrollment.Api.csproj", "{F351DB10-61EC-4EF2-BA1C-8C776B7DD66D}"
EndProject
Project("{FAE04EC0-301F-11D3-BF4B-00C04F79EFBC}") = "StudentEnrollment.Data", "StudentEnrollment.Data\StudentEnrollment.Data.csproj", "{395CB438-6A26-486F-87C7-81C00C751AF5}"
EndProject
Global
	GlobalSection(SolutionConfigurationPlatforms) = preSolution
		Debug|Any CPU = Debug|Any CPU
		Release|Any CPU = Release|Any CPU
	EndGlobalSection
	GlobalSection(ProjectConfigurationPlatforms) = postSolution
		{F351DB10-61EC-4EF2-BA1C-8C776B7DD66D}.Debug|Any CPU.ActiveCfg = Debug|Any CPU
		{F351DB10-61EC-4EF2-BA1C-8C776B7DD66D}.Debug|Any CPU.Build.0 = Debug|Any CPU
		{F351DB10-61EC-4EF2-BA1C-8C776B7DD66D}.Release|Any CPU.ActiveCfg = Release|Any CPU
		{F351DB10-61EC-4EF2-BA1C-8C776B7DD66D}.Release|Any CPU.Build.0 = Release|Any CPU
		{395CB438-6A26-486F-87C7-81C00C751AF5}.Debug|Any CPU.ActiveCfg = Debug|Any CPU
		{395CB438-6A26-486F-87C7-81C00C751AF5}.Debug|Any CPU.Build.0 = Debug|Any CPU
		{395CB438-6A26-486F-87C7-81C00C751AF5}.Release|Any CPU.ActiveCfg = Release|Any CPU
		{395CB438-6A26-486F-87C7-81C00C751AF5}.Release|Any CPU.Build.0 = Release|Any CPU
	EndGlobalSection
	GlobalSection(SolutionProperties) = preSolution
		HideSolutionNode = FALSE
	EndGlobalSection
	GlobalSection(ExtensibilityGlobals) = postSolution
		SolutionGuid = {98B6AD1E-E037-40C2-BC1E-4666E242EAD4}
	EndGlobalSection
EndGlobal
