
Microsoft Visual Studio Solution File, Format Version 12.00
# Visual Studio Version 17
VisualStudioVersion = 17.13.35806.99 d17.13
MinimumVisualStudioVersion = 10.0.40219.1
Project("{FAE04EC0-301F-11D3-BF4B-00C04F79EFBC}") = "StudentEnrollment.Api", "StudentEnrollment.Api\StudentEnrollment.Api.csproj", "{A7D760AC-0EA7-4584-BFA6-616BAFE7AAFC}"
EndProject
Global
	GlobalSection(SolutionConfigurationPlatforms) = preSolution
		Debug|Any CPU = Debug|Any CPU
		Release|Any CPU = Release|Any CPU
	EndGlobalSection
	GlobalSection(ProjectConfigurationPlatforms) = postSolution
		{A7D760AC-0EA7-4584-BFA6-616BAFE7AAFC}.Debug|Any CPU.ActiveCfg = Debug|Any CPU
		{A7D760AC-0EA7-4584-BFA6-616BAFE7AAFC}.Debug|Any CPU.Build.0 = Debug|Any CPU
		{A7D760AC-0EA7-4584-BFA6-616BAFE7AAFC}.Release|Any CPU.ActiveCfg = Release|Any CPU
		{A7D760AC-0EA7-4584-BFA6-616BAFE7AAFC}.Release|Any CPU.Build.0 = Release|Any CPU
	EndGlobalSection
	GlobalSection(SolutionProperties) = preSolution
		HideSolutionNode = FALSE
	EndGlobalSection
	GlobalSection(ExtensibilityGlobals) = postSolution
		SolutionGuid = {1BF4221D-92D4-4069-BE9A-759745D963DB}
	EndGlobalSection
EndGlobal
